
Microsoft Visual Studio Solution File, Format Version 12.00
# Visual Studio Version 17
VisualStudioVersion = 17.0.31903.59
MinimumVisualStudioVersion = 10.0.40219.1
Project("{FAE04EC0-301F-11D3-BF4B-00C04F79EFBC}") = "TweaksOfYore", "TweaksOfYore.csproj", "{5103C74E-1C4A-4904-A841-436E54B3AC21}"
EndProject
Global
	GlobalSection(SolutionConfigurationPlatforms) = preSolution
		Debug-BepInEx|Any CPU = Debug-BepInEx|Any CPU
		Debug-MelonLoader|Any CPU = Debug-MelonLoader|Any CPU
		Release-BepInEx|Any CPU = Release-BepInEx|Any CPU
		Release-MelonLoader|Any CPU = Release-MelonLoader|Any CPU
	EndGlobalSection
	GlobalSection(SolutionProperties) = preSolution
		HideSolutionNode = FALSE
	EndGlobalSection
	GlobalSection(ProjectConfigurationPlatforms) = postSolution
		{5103C74E-1C4A-4904-A841-436E54B3AC21}.Debug-BepInEx|Any CPU.ActiveCfg = Debug-BepInEx|Any CPU
		{5103C74E-1C4A-4904-A841-436E54B3AC21}.Debug-BepInEx|Any CPU.Build.0 = Debug-BepInEx|Any CPU
		{5103C74E-1C4A-4904-A841-436E54B3AC21}.Release-BepInEx|Any CPU.ActiveCfg = Release-BepInEx|Any CPU
		{5103C74E-1C4A-4904-A841-436E54B3AC21}.Release-BepInEx|Any CPU.Build.0 = Release-BepInEx|Any CPU
		{5103C74E-1C4A-4904-A841-436E54B3AC21}.Debug-MelonLoader|Any CPU.ActiveCfg = Debug-MelonLoader|Any CPU
		{5103C74E-1C4A-4904-A841-436E54B3AC21}.Debug-MelonLoader|Any CPU.Build.0 = Debug-MelonLoader|Any CPU
		{5103C74E-1C4A-4904-A841-436E54B3AC21}.Release-MelonLoader|Any CPU.ActiveCfg = Release-MelonLoader|Any CPU
		{5103C74E-1C4A-4904-A841-436E54B3AC21}.Release-MelonLoader|Any CPU.Build.0 = Release-MelonLoader|Any CPU
	EndGlobalSection
EndGlobal
